
Microsoft Visual Studio Solution File, Format Version 12.00
# Visual Studio Version 16
VisualStudioVersion = 16.0.31702.278
MinimumVisualStudioVersion = 10.0.40219.1
Project("{FAE04EC0-301F-11D3-BF4B-00C04F79EFBC}") = "LargestNumber", "LargestNumber.csproj", "{ED890028-5A1F-484C-9472-F43E06682CCA}"
EndProject
Global
	GlobalSection(SolutionConfigurationPlatforms) = preSolution
		Debug|Any CPU = Debug|Any CPU
		Release|Any CPU = Release|Any CPU
	EndGlobalSection
	GlobalSection(ProjectConfigurationPlatforms) = postSolution
		{ED890028-5A1F-484C-9472-F43E06682CCA}.Debug|Any CPU.ActiveCfg = Debug|Any CPU
		{ED890028-5A1F-484C-9472-F43E06682CCA}.Debug|Any CPU.Build.0 = Debug|Any CPU
		{ED890028-5A1F-484C-9472-F43E06682CCA}.Release|Any CPU.ActiveCfg = Release|Any CPU
		{ED890028-5A1F-484C-9472-F43E06682CCA}.Release|Any CPU.Build.0 = Release|Any CPU
	EndGlobalSection
	GlobalSection(SolutionProperties) = preSolution
		HideSolutionNode = FALSE
	EndGlobalSection
	GlobalSection(ExtensibilityGlobals) = postSolution
		SolutionGuid = {F6E1EE53-79A9-4FCC-9B65-78DE70DE8AE1}
	EndGlobalSection
EndGlobal
